
Microsoft Visual Studio Solution File, Format Version 12.00
# Visual Studio Version 17
VisualStudioVersion = 17.7.34221.43
MinimumVisualStudioVersion = 10.0.40219.1
Project("{9A19103F-16F7-4668-BE54-9A1E7A4F7556}") = "FormulaParser", "FormulaParser\FormulaParser.csproj", "{87ABA9F5-654C-4650-97C6-1FB68C364149}"
EndProject
Project("{FAE04EC0-301F-11D3-BF4B-00C04F79EFBC}") = "FormulaParser.Tests", "FormulaParser.Tests\FormulaParser.Tests.csproj", "{4D177CD0-DA0B-4ED5-91E8-9E6D9ABB4519}"
EndProject
Global
	GlobalSection(SolutionConfigurationPlatforms) = preSolution
		Debug|Any CPU = Debug|Any CPU
		Release|Any CPU = Release|Any CPU
	EndGlobalSection
	GlobalSection(ProjectConfigurationPlatforms) = postSolution
		{87ABA9F5-654C-4650-97C6-1FB68C364149}.Debug|Any CPU.ActiveCfg = Debug|Any CPU
		{87ABA9F5-654C-4650-97C6-1FB68C364149}.Debug|Any CPU.Build.0 = Debug|Any CPU
		{87ABA9F5-654C-4650-97C6-1FB68C364149}.Release|Any CPU.ActiveCfg = Release|Any CPU
		{87ABA9F5-654C-4650-97C6-1FB68C364149}.Release|Any CPU.Build.0 = Release|Any CPU
		{4D177CD0-DA0B-4ED5-91E8-9E6D9ABB4519}.Debug|Any CPU.ActiveCfg = Debug|Any CPU
		{4D177CD0-DA0B-4ED5-91E8-9E6D9ABB4519}.Debug|Any CPU.Build.0 = Debug|Any CPU
		{4D177CD0-DA0B-4ED5-91E8-9E6D9ABB4519}.Release|Any CPU.ActiveCfg = Release|Any CPU
		{4D177CD0-DA0B-4ED5-91E8-9E6D9ABB4519}.Release|Any CPU.Build.0 = Release|Any CPU
	EndGlobalSection
	GlobalSection(SolutionProperties) = preSolution
		HideSolutionNode = FALSE
	EndGlobalSection
	GlobalSection(ExtensibilityGlobals) = postSolution
		SolutionGuid = {81B091AA-7BC3-4624-A86A-E7B5463C21EC}
	EndGlobalSection
EndGlobal
